// !$*UTF8*$!
{
	archiveVersion = 1;
	classes = {
	};
	objectVersion = 46;
	objects = {

/* Begin PBXBuildFile section */
		B8FB878B1C7398C50002299F /* Crop.swift in Sources */ = {isa = PBXBuildFile; fileRef = B8FB878A1C7398C50002299F /* Crop.swift */; };
		B8FB878D1C739AC40002299F /* CropHistory.swift in Sources */ = {isa = PBXBuildFile; fileRef = B8FB878C1C739AC40002299F /* CropHistory.swift */; };
		B8FB878F1C74F50F0002299F /* Date.swift in Sources */ = {isa = PBXBuildFile; fileRef = B8FB878E1C74F50F0002299F /* Date.swift */; };
		B8FB87911C74F6770002299F /* Variety.swift in Sources */ = {isa = PBXBuildFile; fileRef = B8FB87901C74F6770002299F /* Variety.swift */; };
		B8FB87931C74F7880002299F /* BedHistory.swift in Sources */ = {isa = PBXBuildFile; fileRef = B8FB87921C74F7880002299F /* BedHistory.swift */; };
		E10DE8531C69A06D00DAC725 /* AppDelegate.swift in Sources */ = {isa = PBXBuildFile; fileRef = E10DE8521C69A06D00DAC725 /* AppDelegate.swift */; };
		E10DE8551C69A06D00DAC725 /* ViewController.swift in Sources */ = {isa = PBXBuildFile; fileRef = E10DE8541C69A06D00DAC725 /* ViewController.swift */; };
		E10DE8581C69A06D00DAC725 /* Main.storyboard in Resources */ = {isa = PBXBuildFile; fileRef = E10DE8561C69A06D00DAC725 /* Main.storyboard */; };
		E10DE85A1C69A06D00DAC725 /* Assets.xcassets in Resources */ = {isa = PBXBuildFile; fileRef = E10DE8591C69A06D00DAC725 /* Assets.xcassets */; };
		E10DE85D1C69A06D00DAC725 /* LaunchScreen.storyboard in Resources */ = {isa = PBXBuildFile; fileRef = E10DE85B1C69A06D00DAC725 /* LaunchScreen.storyboard */; };
		E10DE8681C69A06D00DAC725 /* FarmAppTests.swift in Sources */ = {isa = PBXBuildFile; fileRef = E10DE8671C69A06D00DAC725 /* FarmAppTests.swift */; };
		E10DE8731C69A06D00DAC725 /* FarmAppUITests.swift in Sources */ = {isa = PBXBuildFile; fileRef = E10DE8721C69A06D00DAC725 /* FarmAppUITests.swift */; };
		E116D5E71C742CA30031D9BD /* CropViewController.swift in Sources */ = {isa = PBXBuildFile; fileRef = E116D5E61C742CA30031D9BD /* CropViewController.swift */; };
		E15ED59C1C6C3BBA005D3A48 /* Section.swift in Sources */ = {isa = PBXBuildFile; fileRef = E15ED59B1C6C3BBA005D3A48 /* Section.swift */; };
		E15ED59E1C6C3DBA005D3A48 /* PersistencyManager.swift in Sources */ = {isa = PBXBuildFile; fileRef = E15ED59D1C6C3DBA005D3A48 /* PersistencyManager.swift */; };
		E15ED5A01C6C42AC005D3A48 /* BedsViewController.swift in Sources */ = {isa = PBXBuildFile; fileRef = E15ED59F1C6C42AC005D3A48 /* BedsViewController.swift */; };
		E1D5BD271C6B0785009E575A /* LibraryAPI.swift in Sources */ = {isa = PBXBuildFile; fileRef = E1D5BD261C6B0785009E575A /* LibraryAPI.swift */; };
		E1E5BEBB1C72A9A5007B8E82 /* Bed.swift in Sources */ = {isa = PBXBuildFile; fileRef = E1E5BEBA1C72A9A5007B8E82 /* Bed.swift */; };
		E1E5BEBD1C72AC7D007B8E82 /* BedViewController.swift in Sources */ = {isa = PBXBuildFile; fileRef = E1E5BEBC1C72AC7D007B8E82 /* BedViewController.swift */; };
/* End PBXBuildFile section */

/* Begin PBXContainerItemProxy section */
		E10DE8641C69A06D00DAC725 /* PBXContainerItemProxy */ = {
			isa = PBXContainerItemProxy;
			containerPortal = E10DE8471C69A06D00DAC725 /* Project object */;
			proxyType = 1;
			remoteGlobalIDString = E10DE84E1C69A06D00DAC725;
			remoteInfo = FarmApp;
		};
		E10DE86F1C69A06D00DAC725 /* PBXContainerItemProxy */ = {
			isa = PBXContainerItemProxy;
			containerPortal = E10DE8471C69A06D00DAC725 /* Project object */;
			proxyType = 1;
			remoteGlobalIDString = E10DE84E1C69A06D00DAC725;
			remoteInfo = FarmApp;
		};
/* End PBXContainerItemProxy section */

/* Begin PBXFileReference section */
		B8FB878A1C7398C50002299F /* Crop.swift */ = {isa = PBXFileReference; fileEncoding = 4; lastKnownFileType = sourcecode.swift; path = Crop.swift; sourceTree = "<group>"; };
		B8FB878C1C739AC40002299F /* CropHistory.swift */ = {isa = PBXFileReference; fileEncoding = 4; lastKnownFileType = sourcecode.swift; path = CropHistory.swift; sourceTree = "<group>"; };
		B8FB878E1C74F50F0002299F /* Date.swift */ = {isa = PBXFileReference; fileEncoding = 4; lastKnownFileType = sourcecode.swift; name = Date.swift; path = FarmApp/Date.swift; sourceTree = SOURCE_ROOT; };
		B8FB87901C74F6770002299F /* Variety.swift */ = {isa = PBXFileReference; fileEncoding = 4; lastKnownFileType = sourcecode.swift; name = Variety.swift; path = FarmApp/Variety.swift; sourceTree = SOURCE_ROOT; };
		B8FB87921C74F7880002299F /* BedHistory.swift */ = {isa = PBXFileReference; fileEncoding = 4; lastKnownFileType = sourcecode.swift; path = BedHistory.swift; sourceTree = "<group>"; };
		E10DE84F1C69A06D00DAC725 /* FarmApp.app */ = {isa = PBXFileReference; explicitFileType = wrapper.application; includeInIndex = 0; path = FarmApp.app; sourceTree = BUILT_PRODUCTS_DIR; };
		E10DE8521C69A06D00DAC725 /* AppDelegate.swift */ = {isa = PBXFileReference; lastKnownFileType = sourcecode.swift; path = AppDelegate.swift; sourceTree = "<group>"; };
		E10DE8541C69A06D00DAC725 /* ViewController.swift */ = {isa = PBXFileReference; lastKnownFileType = sourcecode.swift; path = ViewController.swift; sourceTree = "<group>"; };
		E10DE8571C69A06D00DAC725 /* Base */ = {isa = PBXFileReference; lastKnownFileType = file.storyboard; name = Base; path = Base.lproj/Main.storyboard; sourceTree = "<group>"; };
		E10DE8591C69A06D00DAC725 /* Assets.xcassets */ = {isa = PBXFileReference; lastKnownFileType = folder.assetcatalog; path = Assets.xcassets; sourceTree = "<group>"; };
		E10DE85C1C69A06D00DAC725 /* Base */ = {isa = PBXFileReference; lastKnownFileType = file.storyboard; name = Base; path = Base.lproj/LaunchScreen.storyboard; sourceTree = "<group>"; };
		E10DE85E1C69A06D00DAC725 /* Info.plist */ = {isa = PBXFileReference; lastKnownFileType = text.plist.xml; path = Info.plist; sourceTree = "<group>"; };
		E10DE8631C69A06D00DAC725 /* FarmAppTests.xctest */ = {isa = PBXFileReference; explicitFileType = wrapper.cfbundle; includeInIndex = 0; path = FarmAppTests.xctest; sourceTree = BUILT_PRODUCTS_DIR; };
		E10DE8671C69A06D00DAC725 /* FarmAppTests.swift */ = {isa = PBXFileReference; lastKnownFileType = sourcecode.swift; path = FarmAppTests.swift; sourceTree = "<group>"; };
		E10DE8691C69A06D00DAC725 /* Info.plist */ = {isa = PBXFileReference; lastKnownFileType = text.plist.xml; path = Info.plist; sourceTree = "<group>"; };
		E10DE86E1C69A06D00DAC725 /* FarmAppUITests.xctest */ = {isa = PBXFileReference; explicitFileType = wrapper.cfbundle; includeInIndex = 0; path = FarmAppUITests.xctest; sourceTree = BUILT_PRODUCTS_DIR; };
		E10DE8721C69A06D00DAC725 /* FarmAppUITests.swift */ = {isa = PBXFileReference; lastKnownFileType = sourcecode.swift; path = FarmAppUITests.swift; sourceTree = "<group>"; };
		E10DE8741C69A06D00DAC725 /* Info.plist */ = {isa = PBXFileReference; lastKnownFileType = text.plist.xml; path = Info.plist; sourceTree = "<group>"; };
		E116D5E61C742CA30031D9BD /* CropViewController.swift */ = {isa = PBXFileReference; fileEncoding = 4; lastKnownFileType = sourcecode.swift; path = CropViewController.swift; sourceTree = "<group>"; };
		E15ED59B1C6C3BBA005D3A48 /* Section.swift */ = {isa = PBXFileReference; fileEncoding = 4; lastKnownFileType = sourcecode.swift; path = Section.swift; sourceTree = "<group>"; };
		E15ED59D1C6C3DBA005D3A48 /* PersistencyManager.swift */ = {isa = PBXFileReference; fileEncoding = 4; lastKnownFileType = sourcecode.swift; path = PersistencyManager.swift; sourceTree = "<group>"; };
		E15ED59F1C6C42AC005D3A48 /* BedsViewController.swift */ = {isa = PBXFileReference; fileEncoding = 4; lastKnownFileType = sourcecode.swift; path = BedsViewController.swift; sourceTree = "<group>"; };
		E1D5BD261C6B0785009E575A /* LibraryAPI.swift */ = {isa = PBXFileReference; fileEncoding = 4; lastKnownFileType = sourcecode.swift; path = LibraryAPI.swift; sourceTree = "<group>"; };
		E1E5BEBA1C72A9A5007B8E82 /* Bed.swift */ = {isa = PBXFileReference; fileEncoding = 4; lastKnownFileType = sourcecode.swift; path = Bed.swift; sourceTree = "<group>"; };
		E1E5BEBC1C72AC7D007B8E82 /* BedViewController.swift */ = {isa = PBXFileReference; fileEncoding = 4; lastKnownFileType = sourcecode.swift; path = BedViewController.swift; sourceTree = "<group>"; };
/* End PBXFileReference section */

/* Begin PBXFrameworksBuildPhase section */
		E10DE84C1C69A06D00DAC725 /* Frameworks */ = {
			isa = PBXFrameworksBuildPhase;
			buildActionMask = 2147483647;
			files = (
			);
			runOnlyForDeploymentPostprocessing = 0;
		};
		E10DE8601C69A06D00DAC725 /* Frameworks */ = {
			isa = PBXFrameworksBuildPhase;
			buildActionMask = 2147483647;
			files = (
			);
			runOnlyForDeploymentPostprocessing = 0;
		};
		E10DE86B1C69A06D00DAC725 /* Frameworks */ = {
			isa = PBXFrameworksBuildPhase;
			buildActionMask = 2147483647;
			files = (
			);
			runOnlyForDeploymentPostprocessing = 0;
		};
/* End PBXFrameworksBuildPhase section */

/* Begin PBXGroup section */
		E10DE8461C69A06D00DAC725 = {
			isa = PBXGroup;
			children = (
				E10DE8511C69A06D00DAC725 /* FarmApp */,
				E10DE8661C69A06D00DAC725 /* FarmAppTests */,
				E10DE8711C69A06D00DAC725 /* FarmAppUITests */,
				E10DE8501C69A06D00DAC725 /* Products */,
			);
			sourceTree = "<group>";
		};
		E10DE8501C69A06D00DAC725 /* Products */ = {
			isa = PBXGroup;
			children = (
				E10DE84F1C69A06D00DAC725 /* FarmApp.app */,
				E10DE8631C69A06D00DAC725 /* FarmAppTests.xctest */,
				E10DE86E1C69A06D00DAC725 /* FarmAppUITests.xctest */,
			);
			name = Products;
			sourceTree = "<group>";
		};
		E10DE8511C69A06D00DAC725 /* FarmApp */ = {
			isa = PBXGroup;
			children = (
				E1D5BD251C6AF086009E575A /* API */,
				E1D5BD241C6AEFEC009E575A /* Controllers */,
				E1D5BD231C6AEFE3009E575A /* Models */,
				E1D5BD221C6AEFC4009E575A /* Views */,
				E10DE8521C69A06D00DAC725 /* AppDelegate.swift */,
				E10DE8561C69A06D00DAC725 /* Main.storyboard */,
				E10DE8591C69A06D00DAC725 /* Assets.xcassets */,
				E10DE85B1C69A06D00DAC725 /* LaunchScreen.storyboard */,
				E10DE85E1C69A06D00DAC725 /* Info.plist */,
			);
			path = FarmApp;
			sourceTree = "<group>";
		};
		E10DE8661C69A06D00DAC725 /* FarmAppTests */ = {
			isa = PBXGroup;
			children = (
				E10DE8671C69A06D00DAC725 /* FarmAppTests.swift */,
				E10DE8691C69A06D00DAC725 /* Info.plist */,
			);
			path = FarmAppTests;
			sourceTree = "<group>";
		};
		E10DE8711C69A06D00DAC725 /* FarmAppUITests */ = {
			isa = PBXGroup;
			children = (
				E10DE8721C69A06D00DAC725 /* FarmAppUITests.swift */,
				E10DE8741C69A06D00DAC725 /* Info.plist */,
			);
			path = FarmAppUITests;
			sourceTree = "<group>";
		};
		E1D5BD221C6AEFC4009E575A /* Views */ = {
			isa = PBXGroup;
			children = (
			);
			name = Views;
			sourceTree = "<group>";
		};
		E1D5BD231C6AEFE3009E575A /* Models */ = {
			isa = PBXGroup;
			children = (
				E15ED59B1C6C3BBA005D3A48 /* Section.swift */,
				E1E5BEBA1C72A9A5007B8E82 /* Bed.swift */,
				B8FB878A1C7398C50002299F /* Crop.swift */,
				B8FB878C1C739AC40002299F /* CropHistory.swift */,
				B8FB878E1C74F50F0002299F /* Date.swift */,
				B8FB87901C74F6770002299F /* Variety.swift */,
				B8FB87921C74F7880002299F /* BedHistory.swift */,
			);
			name = Models;
			sourceTree = "<group>";
		};
		E1D5BD241C6AEFEC009E575A /* Controllers */ = {
			isa = PBXGroup;
			children = (
				E10DE8541C69A06D00DAC725 /* ViewController.swift */,
				E15ED59F1C6C42AC005D3A48 /* BedsViewController.swift */,
				E1E5BEBC1C72AC7D007B8E82 /* BedViewController.swift */,
				E116D5E61C742CA30031D9BD /* CropViewController.swift */,
			);
			name = Controllers;
			sourceTree = "<group>";
		};
		E1D5BD251C6AF086009E575A /* API */ = {
			isa = PBXGroup;
			children = (
				E1D5BD261C6B0785009E575A /* LibraryAPI.swift */,
				E15ED59D1C6C3DBA005D3A48 /* PersistencyManager.swift */,
			);
			name = API;
			sourceTree = "<group>";
		};
/* End PBXGroup section */

/* Begin PBXNativeTarget section */
		E10DE84E1C69A06D00DAC725 /* FarmApp */ = {
			isa = PBXNativeTarget;
			buildConfigurationList = E10DE8771C69A06D00DAC725 /* Build configuration list for PBXNativeTarget "FarmApp" */;
			buildPhases = (
				E10DE84B1C69A06D00DAC725 /* Sources */,
				E10DE84C1C69A06D00DAC725 /* Frameworks */,
				E10DE84D1C69A06D00DAC725 /* Resources */,
			);
			buildRules = (
			);
			dependencies = (
			);
			name = FarmApp;
			productName = FarmApp;
			productReference = E10DE84F1C69A06D00DAC725 /* FarmApp.app */;
			productType = "com.apple.product-type.application";
		};
		E10DE8621C69A06D00DAC725 /* FarmAppTests */ = {
			isa = PBXNativeTarget;
			buildConfigurationList = E10DE87A1C69A06D00DAC725 /* Build configuration list for PBXNativeTarget "FarmAppTests" */;
			buildPhases = (
				E10DE85F1C69A06D00DAC725 /* Sources */,
				E10DE8601C69A06D00DAC725 /* Frameworks */,
				E10DE8611C69A06D00DAC725 /* Resources */,
			);
			buildRules = (
			);
			dependencies = (
				E10DE8651C69A06D00DAC725 /* PBXTargetDependency */,
			);
			name = FarmAppTests;
			productName = FarmAppTests;
			productReference = E10DE8631C69A06D00DAC725 /* FarmAppTests.xctest */;
			productType = "com.apple.product-type.bundle.unit-test";
		};
		E10DE86D1C69A06D00DAC725 /* FarmAppUITests */ = {
			isa = PBXNativeTarget;
			buildConfigurationList = E10DE87D1C69A06D00DAC725 /* Build configuration list for PBXNativeTarget "FarmAppUITests" */;
			buildPhases = (
				E10DE86A1C69A06D00DAC725 /* Sources */,
				E10DE86B1C69A06D00DAC725 /* Frameworks */,
				E10DE86C1C69A06D00DAC725 /* Resources */,
			);
			buildRules = (
			);
			dependencies = (
				E10DE8701C69A06D00DAC725 /* PBXTargetDependency */,
			);
			name = FarmAppUITests;
			productName = FarmAppUITests;
			productReference = E10DE86E1C69A06D00DAC725 /* FarmAppUITests.xctest */;
			productType = "com.apple.product-type.bundle.ui-testing";
		};
/* End PBXNativeTarget section */

/* Begin PBXProject section */
		E10DE8471C69A06D00DAC725 /* Project object */ = {
			isa = PBXProject;
			attributes = {
				LastSwiftUpdateCheck = 0720;
				LastUpgradeCheck = 0720;
				ORGANIZATIONNAME = "Patrick Little";
				TargetAttributes = {
					E10DE84E1C69A06D00DAC725 = {
						CreatedOnToolsVersion = 7.2;
					};
					E10DE8621C69A06D00DAC725 = {
						CreatedOnToolsVersion = 7.2;
						TestTargetID = E10DE84E1C69A06D00DAC725;
					};
					E10DE86D1C69A06D00DAC725 = {
						CreatedOnToolsVersion = 7.2;
						TestTargetID = E10DE84E1C69A06D00DAC725;
					};
				};
			};
			buildConfigurationList = E10DE84A1C69A06D00DAC725 /* Build configuration list for PBXProject "FarmApp" */;
			compatibilityVersion = "Xcode 3.2";
			developmentRegion = English;
			hasScannedForEncodings = 0;
			knownRegions = (
				en,
				Base,
			);
			mainGroup = E10DE8461C69A06D00DAC725;
			productRefGroup = E10DE8501C69A06D00DAC725 /* Products */;
			projectDirPath = "";
			projectRoot = "";
			targets = (
				E10DE84E1C69A06D00DAC725 /* FarmApp */,
				E10DE8621C69A06D00DAC725 /* FarmAppTests */,
				E10DE86D1C69A06D00DAC725 /* FarmAppUITests */,
			);
		};
/* End PBXProject section */

/* Begin PBXResourcesBuildPhase section */
		E10DE84D1C69A06D00DAC725 /* Resources */ = {
			isa = PBXResourcesBuildPhase;
			buildActionMask = 2147483647;
			files = (
				E10DE85D1C69A06D00DAC725 /* LaunchScreen.storyboard in Resources */,
				E10DE85A1C69A06D00DAC725 /* Assets.xcassets in Resources */,
				E10DE8581C69A06D00DAC725 /* Main.storyboard in Resources */,
			);
			runOnlyForDeploymentPostprocessing = 0;
		};
		E10DE8611C69A06D00DAC725 /* Resources */ = {
			isa = PBXResourcesBuildPhase;
			buildActionMask = 2147483647;
			files = (
			);
			runOnlyForDeploymentPostprocessing = 0;
		};
		E10DE86C1C69A06D00DAC725 /* Resources */ = {
			isa = PBXResourcesBuildPhase;
			buildActionMask = 2147483647;
			files = (
			);
			runOnlyForDeploymentPostprocessing = 0;
		};
/* End PBXResourcesBuildPhase section */

/* Begin PBXSourcesBuildPhase section */
		E10DE84B1C69A06D00DAC725 /* Sources */ = {
			isa = PBXSourcesBuildPhase;
			buildActionMask = 2147483647;
			files = (
				E15ED59E1C6C3DBA005D3A48 /* PersistencyManager.swift in Sources */,
				E10DE8551C69A06D00DAC725 /* ViewController.swift in Sources */,
				E15ED5A01C6C42AC005D3A48 /* BedsViewController.swift in Sources */,
				E1E5BEBB1C72A9A5007B8E82 /* Bed.swift in Sources */,
				B8FB87931C74F7880002299F /* BedHistory.swift in Sources */,
				B8FB878D1C739AC40002299F /* CropHistory.swift in Sources */,
				E1E5BEBD1C72AC7D007B8E82 /* BedViewController.swift in Sources */,
				E15ED59C1C6C3BBA005D3A48 /* Section.swift in Sources */,
				B8FB878F1C74F50F0002299F /* Date.swift in Sources */,
				E1D5BD271C6B0785009E575A /* LibraryAPI.swift in Sources */,
				E10DE8531C69A06D00DAC725 /* AppDelegate.swift in Sources */,
				B8FB87911C74F6770002299F /* Variety.swift in Sources */,
				E116D5E71C742CA30031D9BD /* CropViewController.swift in Sources */,
				B8FB878B1C7398C50002299F /* Crop.swift in Sources */,
			);
			runOnlyForDeploymentPostprocessing = 0;
		};
		E10DE85F1C69A06D00DAC725 /* Sources */ = {
			isa = PBXSourcesBuildPhase;
			buildActionMask = 2147483647;
			files = (
				E10DE8681C69A06D00DAC725 /* FarmAppTests.swift in Sources */,
			);
			runOnlyForDeploymentPostprocessing = 0;
		};
		E10DE86A1C69A06D00DAC725 /* Sources */ = {
			isa = PBXSourcesBuildPhase;
			buildActionMask = 2147483647;
			files = (
				E10DE8731C69A06D00DAC725 /* FarmAppUITests.swift in Sources */,
			);
			runOnlyForDeploymentPostprocessing = 0;
		};
/* End PBXSourcesBuildPhase section */

/* Begin PBXTargetDependency section */
		E10DE8651C69A06D00DAC725 /* PBXTargetDependency */ = {
			isa = PBXTargetDependency;
			target = E10DE84E1C69A06D00DAC725 /* FarmApp */;
			targetProxy = E10DE8641C69A06D00DAC725 /* PBXContainerItemProxy */;
		};
		E10DE8701C69A06D00DAC725 /* PBXTargetDependency */ = {
			isa = PBXTargetDependency;
			target = E10DE84E1C69A06D00DAC725 /* FarmApp */;
			targetProxy = E10DE86F1C69A06D00DAC725 /* PBXContainerItemProxy */;
		};
/* End PBXTargetDependency section */

/* Begin PBXVariantGroup section */
		E10DE8561C69A06D00DAC725 /* Main.storyboard */ = {
			isa = PBXVariantGroup;
			children = (
				E10DE8571C69A06D00DAC725 /* Base */,
			);
			name = Main.storyboard;
			sourceTree = "<group>";
		};
		E10DE85B1C69A06D00DAC725 /* LaunchScreen.storyboard */ = {
			isa = PBXVariantGroup;
			children = (
				E10DE85C1C69A06D00DAC725 /* Base */,
			);
			name = LaunchScreen.storyboard;
			sourceTree = "<group>";
		};
/* End PBXVariantGroup section */

/* Begin XCBuildConfiguration section */
		E10DE8751C69A06D00DAC725 /* Debug */ = {
			isa = XCBuildConfiguration;
			buildSettings = {
				ALWAYS_SEARCH_USER_PATHS = NO;
				CLANG_CXX_LANGUAGE_STANDARD = "gnu++0x";
				CLANG_CXX_LIBRARY = "libc++";
				CLANG_ENABLE_MODULES = YES;
				CLANG_ENABLE_OBJC_ARC = YES;
				CLANG_WARN_BOOL_CONVERSION = YES;
				CLANG_WARN_CONSTANT_CONVERSION = YES;
				CLANG_WARN_DIRECT_OBJC_ISA_USAGE = YES_ERROR;
				CLANG_WARN_EMPTY_BODY = YES;
				CLANG_WARN_ENUM_CONVERSION = YES;
				CLANG_WARN_INT_CONVERSION = YES;
				CLANG_WARN_OBJC_ROOT_CLASS = YES_ERROR;
				CLANG_WARN_UNREACHABLE_CODE = YES;
				CLANG_WARN__DUPLICATE_METHOD_MATCH = YES;
				"CODE_SIGN_IDENTITY[sdk=iphoneos*]" = "iPhone Developer";
				COPY_PHASE_STRIP = NO;
				DEBUG_INFORMATION_FORMAT = dwarf;
				ENABLE_STRICT_OBJC_MSGSEND = YES;
				ENABLE_TESTABILITY = YES;
				GCC_C_LANGUAGE_STANDARD = gnu99;
				GCC_DYNAMIC_NO_PIC = NO;
				GCC_NO_COMMON_BLOCKS = YES;
				GCC_OPTIMIZATION_LEVEL = 0;
				GCC_PREPROCESSOR_DEFINITIONS = (
					"DEBUG=1",
					"$(inherited)",
				);
				GCC_WARN_64_TO_32_BIT_CONVERSION = YES;
				GCC_WARN_ABOUT_RETURN_TYPE = YES_ERROR;
				GCC_WARN_UNDECLARED_SELECTOR = YES;
				GCC_WARN_UNINITIALIZED_AUTOS = YES_AGGRESSIVE;
				GCC_WARN_UNUSED_FUNCTION = YES;
				GCC_WARN_UNUSED_VARIABLE = YES;
				IPHONEOS_DEPLOYMENT_TARGET = 9.2;
				MTL_ENABLE_DEBUG_INFO = YES;
				ONLY_ACTIVE_ARCH = YES;
				SDKROOT = iphoneos;
				SWIFT_OPTIMIZATION_LEVEL = "-Onone";
			};
			name = Debug;
		};
		E10DE8761C69A06D00DAC725 /* Release */ = {
			isa = XCBuildConfiguration;
			buildSettings = {
				ALWAYS_SEARCH_USER_PATHS = NO;
				CLANG_CXX_LANGUAGE_STANDARD = "gnu++0x";
				CLANG_CXX_LIBRARY = "libc++";
				CLANG_ENABLE_MODULES = YES;
				CLANG_ENABLE_OBJC_ARC = YES;
				CLANG_WARN_BOOL_CONVERSION = YES;
				CLANG_WARN_CONSTANT_CONVERSION = YES;
				CLANG_WARN_DIRECT_OBJC_ISA_USAGE = YES_ERROR;
				CLANG_WARN_EMPTY_BODY = YES;
				CLANG_WARN_ENUM_CONVERSION = YES;
				CLANG_WARN_INT_CONVERSION = YES;
				CLANG_WARN_OBJC_ROOT_CLASS = YES_ERROR;
				CLANG_WARN_UNREACHABLE_CODE = YES;
				CLANG_WARN__DUPLICATE_METHOD_MATCH = YES;
				"CODE_SIGN_IDENTITY[sdk=iphoneos*]" = "iPhone Developer";
				COPY_PHASE_STRIP = NO;
				DEBUG_INFORMATION_FORMAT = "dwarf-with-dsym";
				ENABLE_NS_ASSERTIONS = NO;
				ENABLE_STRICT_OBJC_MSGSEND = YES;
				GCC_C_LANGUAGE_STANDARD = gnu99;
				GCC_NO_COMMON_BLOCKS = YES;
				GCC_WARN_64_TO_32_BIT_CONVERSION = YES;
				GCC_WARN_ABOUT_RETURN_TYPE = YES_ERROR;
				GCC_WARN_UNDECLARED_SELECTOR = YES;
				GCC_WARN_UNINITIALIZED_AUTOS = YES_AGGRESSIVE;
				GCC_WARN_UNUSED_FUNCTION = YES;
				GCC_WARN_UNUSED_VARIABLE = YES;
				IPHONEOS_DEPLOYMENT_TARGET = 9.2;
				MTL_ENABLE_DEBUG_INFO = NO;
				SDKROOT = iphoneos;
				VALIDATE_PRODUCT = YES;
			};
			name = Release;
		};
		E10DE8781C69A06D00DAC725 /* Debug */ = {
			isa = XCBuildConfiguration;
			buildSettings = {
				ASSETCATALOG_COMPILER_APPICON_NAME = AppIcon;
				INFOPLIST_FILE = FarmApp/Info.plist;
				LD_RUNPATH_SEARCH_PATHS = "$(inherited) @executable_path/Frameworks";
				PRODUCT_BUNDLE_IDENTIFIER = ts.FarmApp;
				PRODUCT_NAME = "$(TARGET_NAME)";
			};
			name = Debug;
		};
		E10DE8791C69A06D00DAC725 /* Release */ = {
			isa = XCBuildConfiguration;
			buildSettings = {
				ASSETCATALOG_COMPILER_APPICON_NAME = AppIcon;
				INFOPLIST_FILE = FarmApp/Info.plist;
				LD_RUNPATH_SEARCH_PATHS = "$(inherited) @executable_path/Frameworks";
				PRODUCT_BUNDLE_IDENTIFIER = ts.FarmApp;
				PRODUCT_NAME = "$(TARGET_NAME)";
			};
			name = Release;
		};
		E10DE87B1C69A06D00DAC725 /* Debug */ = {
			isa = XCBuildConfiguration;
			buildSettings = {
				BUNDLE_LOADER = "$(TEST_HOST)";
				INFOPLIST_FILE = FarmAppTests/Info.plist;
				LD_RUNPATH_SEARCH_PATHS = "$(inherited) @executable_path/Frameworks @loader_path/Frameworks";
				PRODUCT_BUNDLE_IDENTIFIER = ts.FarmAppTests;
				PRODUCT_NAME = "$(TARGET_NAME)";
				TEST_HOST = "$(BUILT_PRODUCTS_DIR)/FarmApp.app/FarmApp";
			};
			name = Debug;
		};
		E10DE87C1C69A06D00DAC725 /* Release */ = {
			isa = XCBuildConfiguration;
			buildSettings = {
				BUNDLE_LOADER = "$(TEST_HOST)";
				INFOPLIST_FILE = FarmAppTests/Info.plist;
				LD_RUNPATH_SEARCH_PATHS = "$(inherited) @executable_path/Frameworks @loader_path/Frameworks";
				PRODUCT_BUNDLE_IDENTIFIER = ts.FarmAppTests;
				PRODUCT_NAME = "$(TARGET_NAME)";
				TEST_HOST = "$(BUILT_PRODUCTS_DIR)/FarmApp.app/FarmApp";
			};
			name = Release;
		};
		E10DE87E1C69A06D00DAC725 /* Debug */ = {
			isa = XCBuildConfiguration;
			buildSettings = {
				INFOPLIST_FILE = FarmAppUITests/Info.plist;
				LD_RUNPATH_SEARCH_PATHS = "$(inherited) @executable_path/Frameworks @loader_path/Frameworks";
				PRODUCT_BUNDLE_IDENTIFIER = ts.FarmAppUITests;
				PRODUCT_NAME = "$(TARGET_NAME)";
				TEST_TARGET_NAME = FarmApp;
				USES_XCTRUNNER = YES;
			};
			name = Debug;
		};
		E10DE87F1C69A06D00DAC725 /* Release */ = {
			isa = XCBuildConfiguration;
			buildSettings = {
				INFOPLIST_FILE = FarmAppUITests/Info.plist;
				LD_RUNPATH_SEARCH_PATHS = "$(inherited) @executable_path/Frameworks @loader_path/Frameworks";
				PRODUCT_BUNDLE_IDENTIFIER = ts.FarmAppUITests;
				PRODUCT_NAME = "$(TARGET_NAME)";
				TEST_TARGET_NAME = FarmApp;
				USES_XCTRUNNER = YES;
			};
			name = Release;
		};
/* End XCBuildConfiguration section */

/* Begin XCConfigurationList section */
		E10DE84A1C69A06D00DAC725 /* Build configuration list for PBXProject "FarmApp" */ = {
			isa = XCConfigurationList;
			buildConfigurations = (
				E10DE8751C69A06D00DAC725 /* Debug */,
				E10DE8761C69A06D00DAC725 /* Release */,
			);
			defaultConfigurationIsVisible = 0;
			defaultConfigurationName = Release;
		};
		E10DE8771C69A06D00DAC725 /* Build configuration list for PBXNativeTarget "FarmApp" */ = {
			isa = XCConfigurationList;
			buildConfigurations = (
				E10DE8781C69A06D00DAC725 /* Debug */,
				E10DE8791C69A06D00DAC725 /* Release */,
			);
			defaultConfigurationIsVisible = 0;
			defaultConfigurationName = Release;
		};
		E10DE87A1C69A06D00DAC725 /* Build configuration list for PBXNativeTarget "FarmAppTests" */ = {
			isa = XCConfigurationList;
			buildConfigurations = (
				E10DE87B1C69A06D00DAC725 /* Debug */,
				E10DE87C1C69A06D00DAC725 /* Release */,
			);
			defaultConfigurationIsVisible = 0;
			defaultConfigurationName = Release;
		};
		E10DE87D1C69A06D00DAC725 /* Build configuration list for PBXNativeTarget "FarmAppUITests" */ = {
			isa = XCConfigurationList;
			buildConfigurations = (
				E10DE87E1C69A06D00DAC725 /* Debug */,
				E10DE87F1C69A06D00DAC725 /* Release */,
			);
			defaultConfigurationIsVisible = 0;
			defaultConfigurationName = Release;
		};
/* End XCConfigurationList section */
	};
	rootObject = E10DE8471C69A06D00DAC725 /* Project object */;
}
